name: update-flake-lock

on:
  workflow_dispatch:
  schedule:
    - cron: '0 0 * * 0' # runs weekly on Sunday at 00:00

jobs:
  lockfile:
    runs-on: ubuntu-latest
    steps:
      - uses: actions/checkout@v4
      - uses: ./.github/actions/setup-nix
        with:
          github_token: ${{ secrets.GITHUB_TOKEN }}
          cachix_token: ${{ secrets.CACHIX_TOKEN }}
      - uses: DeterminateSystems/update-flake-lock@v21
        with:
          # Custom token with `repo` access
          token: ${{ secrets.GH_TOKEN }}
          pr-title: Update flake.lock
          pr-body: |
            Automated changes by the [update-flake-lock](https://github.com/DeterminateSystems/update-flake-lock) GitHub Action.

            ```
            {{ env.GIT_COMMIT_MESSAGE }}
            ```
